
Microsoft Visual Studio Solution File, Format Version 12.00
# Visual Studio Version 17
VisualStudioVersion = 17.10.35027.167
MinimumVisualStudioVersion = 10.0.40219.1
Project("{FAE04EC0-301F-11D3-BF4B-00C04F79EFBC}") = "41_2", "41_2.csproj", "{93799CF9-74EF-4748-AC9E-E0B1B65DE7C6}"
EndProject
Global
	GlobalSection(SolutionConfigurationPlatforms) = preSolution
		Debug|Any CPU = Debug|Any CPU
		Release|Any CPU = Release|Any CPU
	EndGlobalSection
	GlobalSection(ProjectConfigurationPlatforms) = postSolution
		{93799CF9-74EF-4748-AC9E-E0B1B65DE7C6}.Debug|Any CPU.ActiveCfg = Debug|Any CPU
		{93799CF9-74EF-4748-AC9E-E0B1B65DE7C6}.Debug|Any CPU.Build.0 = Debug|Any CPU
		{93799CF9-74EF-4748-AC9E-E0B1B65DE7C6}.Release|Any CPU.ActiveCfg = Release|Any CPU
		{93799CF9-74EF-4748-AC9E-E0B1B65DE7C6}.Release|Any CPU.Build.0 = Release|Any CPU
	EndGlobalSection
	GlobalSection(SolutionProperties) = preSolution
		HideSolutionNode = FALSE
	EndGlobalSection
	GlobalSection(ExtensibilityGlobals) = postSolution
		SolutionGuid = {184E6217-4936-46B3-B022-192143B8599B}
	EndGlobalSection
EndGlobal
